
Microsoft Visual Studio Solution File, Format Version 12.00
# Visual Studio Version 17
VisualStudioVersion = 17.0.31912.275
MinimumVisualStudioVersion = 10.0.40219.1
Project("{FAE04EC0-301F-11D3-BF4B-00C04F79EFBC}") = "WindowsScriptExecutionManager", "WindowsScriptExecutionManager\WindowsScriptExecutionManager.csproj", "{35B3DD6C-C87E-4738-B160-3EAB76F210AA}"
EndProject
Global
	GlobalSection(SolutionConfigurationPlatforms) = preSolution
		Debug|Any CPU = Debug|Any CPU
		Release|Any CPU = Release|Any CPU
	EndGlobalSection
	GlobalSection(ProjectConfigurationPlatforms) = postSolution
		{35B3DD6C-C87E-4738-B160-3EAB76F210AA}.Debug|Any CPU.ActiveCfg = Debug|Any CPU
		{35B3DD6C-C87E-4738-B160-3EAB76F210AA}.Debug|Any CPU.Build.0 = Debug|Any CPU
		{35B3DD6C-C87E-4738-B160-3EAB76F210AA}.Release|Any CPU.ActiveCfg = Release|Any CPU
		{35B3DD6C-C87E-4738-B160-3EAB76F210AA}.Release|Any CPU.Build.0 = Release|Any CPU
	EndGlobalSection
	GlobalSection(SolutionProperties) = preSolution
		HideSolutionNode = FALSE
	EndGlobalSection
	GlobalSection(ExtensibilityGlobals) = postSolution
		SolutionGuid = {302EC615-534B-4D4D-9792-7DE3332EF85D}
	EndGlobalSection
EndGlobal
